
Microsoft Visual Studio Solution File, Format Version 12.00
# Visual Studio Version 16
VisualStudioVersion = 16.0.29318.209
MinimumVisualStudioVersion = 10.0.40219.1
Project("{9A19103F-16F7-4668-BE54-9A1E7A4F7556}") = "TestTools.TestForThisSolution.UnitTests", "TestTools.UnitTests\TestTools.TestForThisSolution.UnitTests.csproj", "{152379DA-F370-4417-B969-D6D8FA3CACD1}"
EndProject
Project("{9A19103F-16F7-4668-BE54-9A1E7A4F7556}") = "TestTools.WindsorMoqContainer", "WindsorMoqContainer\TestTools.WindsorMoqContainer.csproj", "{EF35A215-E7E9-4DA2-B45E-228B0D7ECFCC}"
EndProject
Project("{9A19103F-16F7-4668-BE54-9A1E7A4F7556}") = "TestTools.UnitTest.ExampleDependencies", "TestTools.UnitTest.ExamplaDependencies\TestTools.UnitTest.ExampleDependencies.csproj", "{70678F16-5196-4447-9B7E-DFD03EE2E580}"
EndProject
Project("{9A19103F-16F7-4668-BE54-9A1E7A4F7556}") = "TestTools.UnitTest.UnitTestBase", "TestTools.UnitTest.UnitTestBase\TestTools.UnitTest.UnitTestBase.csproj", "{33E57141-143D-470C-BABF-913F0D334C23}"
EndProject
Global
	GlobalSection(SolutionConfigurationPlatforms) = preSolution
		Debug|Any CPU = Debug|Any CPU
		Release|Any CPU = Release|Any CPU
	EndGlobalSection
	GlobalSection(ProjectConfigurationPlatforms) = postSolution
		{152379DA-F370-4417-B969-D6D8FA3CACD1}.Debug|Any CPU.ActiveCfg = Debug|Any CPU
		{152379DA-F370-4417-B969-D6D8FA3CACD1}.Debug|Any CPU.Build.0 = Debug|Any CPU
		{152379DA-F370-4417-B969-D6D8FA3CACD1}.Release|Any CPU.ActiveCfg = Release|Any CPU
		{152379DA-F370-4417-B969-D6D8FA3CACD1}.Release|Any CPU.Build.0 = Release|Any CPU
		{EF35A215-E7E9-4DA2-B45E-228B0D7ECFCC}.Debug|Any CPU.ActiveCfg = Debug|Any CPU
		{EF35A215-E7E9-4DA2-B45E-228B0D7ECFCC}.Debug|Any CPU.Build.0 = Debug|Any CPU
		{EF35A215-E7E9-4DA2-B45E-228B0D7ECFCC}.Release|Any CPU.ActiveCfg = Release|Any CPU
		{EF35A215-E7E9-4DA2-B45E-228B0D7ECFCC}.Release|Any CPU.Build.0 = Release|Any CPU
		{70678F16-5196-4447-9B7E-DFD03EE2E580}.Debug|Any CPU.ActiveCfg = Debug|Any CPU
		{70678F16-5196-4447-9B7E-DFD03EE2E580}.Debug|Any CPU.Build.0 = Debug|Any CPU
		{70678F16-5196-4447-9B7E-DFD03EE2E580}.Release|Any CPU.ActiveCfg = Release|Any CPU
		{70678F16-5196-4447-9B7E-DFD03EE2E580}.Release|Any CPU.Build.0 = Release|Any CPU
		{33E57141-143D-470C-BABF-913F0D334C23}.Debug|Any CPU.ActiveCfg = Debug|Any CPU
		{33E57141-143D-470C-BABF-913F0D334C23}.Debug|Any CPU.Build.0 = Debug|Any CPU
		{33E57141-143D-470C-BABF-913F0D334C23}.Release|Any CPU.ActiveCfg = Release|Any CPU
		{33E57141-143D-470C-BABF-913F0D334C23}.Release|Any CPU.Build.0 = Release|Any CPU
	EndGlobalSection
	GlobalSection(SolutionProperties) = preSolution
		HideSolutionNode = FALSE
	EndGlobalSection
	GlobalSection(ExtensibilityGlobals) = postSolution
		SolutionGuid = {21E48A1A-780A-4D72-BD1C-1C9241E36833}
	EndGlobalSection
EndGlobal
